
Microsoft Visual Studio Solution File, Format Version 12.00
# Visual Studio Version 16
VisualStudioVersion = 16.0.30413.136
MinimumVisualStudioVersion = 10.0.40219.1
Project("{9A19103F-16F7-4668-BE54-9A1E7A4F7556}") = "LambdaUnitTestExample", "LambdaUnitTestExample.csproj", "{44D5276D-A93D-47BF-95C5-B7954DFB4FD6}"
EndProject
Project("{9A19103F-16F7-4668-BE54-9A1E7A4F7556}") = "LambdaUnitTestExample.Tests", "..\LambdaUnitTestExample.Tests\LambdaUnitTestExample.Tests.csproj", "{0437A0CE-F00E-408F-8E2F-5B51EEAA9415}"
EndProject
Global
	GlobalSection(SolutionConfigurationPlatforms) = preSolution
		Debug|Any CPU = Debug|Any CPU
		Release|Any CPU = Release|Any CPU
	EndGlobalSection
	GlobalSection(ProjectConfigurationPlatforms) = postSolution
		{44D5276D-A93D-47BF-95C5-B7954DFB4FD6}.Debug|Any CPU.ActiveCfg = Debug|Any CPU
		{44D5276D-A93D-47BF-95C5-B7954DFB4FD6}.Debug|Any CPU.Build.0 = Debug|Any CPU
		{44D5276D-A93D-47BF-95C5-B7954DFB4FD6}.Release|Any CPU.ActiveCfg = Release|Any CPU
		{44D5276D-A93D-47BF-95C5-B7954DFB4FD6}.Release|Any CPU.Build.0 = Release|Any CPU
		{0437A0CE-F00E-408F-8E2F-5B51EEAA9415}.Debug|Any CPU.ActiveCfg = Debug|Any CPU
		{0437A0CE-F00E-408F-8E2F-5B51EEAA9415}.Debug|Any CPU.Build.0 = Debug|Any CPU
		{0437A0CE-F00E-408F-8E2F-5B51EEAA9415}.Release|Any CPU.ActiveCfg = Release|Any CPU
		{0437A0CE-F00E-408F-8E2F-5B51EEAA9415}.Release|Any CPU.Build.0 = Release|Any CPU
	EndGlobalSection
	GlobalSection(SolutionProperties) = preSolution
		HideSolutionNode = FALSE
	EndGlobalSection
	GlobalSection(ExtensibilityGlobals) = postSolution
		SolutionGuid = {02EBB9BD-92C3-4696-B381-A4D3E4E478D5}
	EndGlobalSection
EndGlobal
